// !$*UTF8*$!
{
	archiveVersion = 1;
	classes = {
	};
	objectVersion = 46;
	objects = {

/* Begin PBXBuildFile section */
		D613BE1C1F6193110090316D /* main.m in Sources */ = {isa = PBXBuildFile; fileRef = D613BE1B1F6193110090316D /* main.m */; };
		D613BE1F1F6193110090316D /* AppDelegate.m in Sources */ = {isa = PBXBuildFile; fileRef = D613BE1E1F6193110090316D /* AppDelegate.m */; };
		D613BE221F6193110090316D /* ViewController.m in Sources */ = {isa = PBXBuildFile; fileRef = D613BE211F6193110090316D /* ViewController.m */; };
		D613BE251F6193110090316D /* Main.storyboard in Resources */ = {isa = PBXBuildFile; fileRef = D613BE231F6193110090316D /* Main.storyboard */; };
		D613BE271F6193110090316D /* Assets.xcassets in Resources */ = {isa = PBXBuildFile; fileRef = D613BE261F6193110090316D /* Assets.xcassets */; };
		D613BE2A1F6193110090316D /* LaunchScreen.storyboard in Resources */ = {isa = PBXBuildFile; fileRef = D613BE281F6193110090316D /* LaunchScreen.storyboard */; };
/* End PBXBuildFile section */

/* Begin PBXFileReference section */
		D613BE171F6193110090316D /* HYSmartPlus.app */ = {isa = PBXFileReference; explicitFileType = wrapper.application; includeInIndex = 0; path = HYSmartPlus.app; sourceTree = BUILT_PRODUCTS_DIR; };
		D613BE1B1F6193110090316D /* main.m */ = {isa = PBXFileReference; lastKnownFileType = sourcecode.c.objc; path = main.m; sourceTree = "<group>"; };
		D613BE1D1F6193110090316D /* AppDelegate.h */ = {isa = PBXFileReference; lastKnownFileType = sourcecode.c.h; path = AppDelegate.h; sourceTree = "<group>"; };
		D613BE1E1F6193110090316D /* AppDelegate.m */ = {isa = PBXFileReference; lastKnownFileType = sourcecode.c.objc; path = AppDelegate.m; sourceTree = "<group>"; };
		D613BE201F6193110090316D /* ViewController.h */ = {isa = PBXFileReference; lastKnownFileType = sourcecode.c.h; path = ViewController.h; sourceTree = "<group>"; };
		D613BE211F6193110090316D /* ViewController.m */ = {isa = PBXFileReference; lastKnownFileType = sourcecode.c.objc; path = ViewController.m; sourceTree = "<group>"; };
		D613BE241F6193110090316D /* Base */ = {isa = PBXFileReference; lastKnownFileType = file.storyboard; name = Base; path = Base.lproj/Main.storyboard; sourceTree = "<group>"; };
		D613BE261F6193110090316D /* Assets.xcassets */ = {isa = PBXFileReference; lastKnownFileType = folder.assetcatalog; path = Assets.xcassets; sourceTree = "<group>"; };
		D613BE291F6193110090316D /* Base */ = {isa = PBXFileReference; lastKnownFileType = file.storyboard; name = Base; path = Base.lproj/LaunchScreen.storyboard; sourceTree = "<group>"; };
		D613BE2B1F6193110090316D /* Info.plist */ = {isa = PBXFileReference; lastKnownFileType = text.plist.xml; path = Info.plist; sourceTree = "<group>"; };
/* End PBXFileReference section */

/* Begin PBXFrameworksBuildPhase section */
		D613BE141F6193110090316D /* Frameworks */ = {
			isa = PBXFrameworksBuildPhase;
			buildActionMask = 2147483647;
			files = (
			);
			runOnlyForDeploymentPostprocessing = 0;
		};
/* End PBXFrameworksBuildPhase section */

/* Begin PBXGroup section */
		D613BE0E1F6193110090316D = {
			isa = PBXGroup;
			children = (
				D613BE191F6193110090316D /* HYSmartPlus */,
				D613BE181F6193110090316D /* Products */,
			);
			sourceTree = "<group>";
		};
		D613BE181F6193110090316D /* Products */ = {
			isa = PBXGroup;
			children = (
				D613BE171F6193110090316D /* HYSmartPlus.app */,
			);
			name = Products;
			sourceTree = "<group>";
		};
		D613BE191F6193110090316D /* HYSmartPlus */ = {
			isa = PBXGroup;
			children = (
				D613BE1D1F6193110090316D /* AppDelegate.h */,
				D613BE1E1F6193110090316D /* AppDelegate.m */,
				D613BE201F6193110090316D /* ViewController.h */,
				D613BE211F6193110090316D /* ViewController.m */,
				D613BE231F6193110090316D /* Main.storyboard */,
				D613BE261F6193110090316D /* Assets.xcassets */,
				D613BE281F6193110090316D /* LaunchScreen.storyboard */,
				D613BE2B1F6193110090316D /* Info.plist */,
				D613BE1A1F6193110090316D /* Supporting Files */,
			);
			path = HYSmartPlus;
			sourceTree = "<group>";
		};
		D613BE1A1F6193110090316D /* Supporting Files */ = {
			isa = PBXGroup;
			children = (
				D613BE1B1F6193110090316D /* main.m */,
			);
			name = "Supporting Files";
			sourceTree = "<group>";
		};
/* End PBXGroup section */

/* Begin PBXNativeTarget section */
		D613BE161F6193110090316D /* HYSmartPlus */ = {
			isa = PBXNativeTarget;
			buildConfigurationList = D613BE2E1F6193110090316D /* Build configuration list for PBXNativeTarget "HYSmartPlus" */;
			buildPhases = (
				D613BE131F6193110090316D /* Sources */,
				D613BE141F6193110090316D /* Frameworks */,
				D613BE151F6193110090316D /* Resources */,
			);
			buildRules = (
			);
			dependencies = (
			);
			name = HYSmartPlus;
			productName = HYSmartPlus;
			productReference = D613BE171F6193110090316D /* HYSmartPlus.app */;
			productType = "com.apple.product-type.application";
		};
/* End PBXNativeTarget section */

/* Begin PBXProject section */
		D613BE0F1F6193110090316D /* Project object */ = {
			isa = PBXProject;
			attributes = {
				LastUpgradeCheck = 0830;
				ORGANIZATIONNAME = hongyan;
				TargetAttributes = {
					D613BE161F6193110090316D = {
						CreatedOnToolsVersion = 8.3.2;
						DevelopmentTeam = 8Y6S2469TB;
						ProvisioningStyle = Automatic;
					};
				};
			};
			buildConfigurationList = D613BE121F6193110090316D /* Build configuration list for PBXProject "HYSmartPlus" */;
			compatibilityVersion = "Xcode 3.2";
			developmentRegion = English;
			hasScannedForEncodings = 0;
			knownRegions = (
				en,
				Base,
			);
			mainGroup = D613BE0E1F6193110090316D;
			productRefGroup = D613BE181F6193110090316D /* Products */;
			projectDirPath = "";
			projectRoot = "";
			targets = (
				D613BE161F6193110090316D /* HYSmartPlus */,
			);
		};
/* End PBXProject section */

/* Begin PBXResourcesBuildPhase section */
		D613BE151F6193110090316D /* Resources */ = {
			isa = PBXResourcesBuildPhase;
			buildActionMask = 2147483647;
			files = (
				D613BE2A1F6193110090316D /* LaunchScreen.storyboard in Resources */,
				D613BE271F6193110090316D /* Assets.xcassets in Resources */,
				D613BE251F6193110090316D /* Main.storyboard in Resources */,
			);
			runOnlyForDeploymentPostprocessing = 0;
		};
/* End PBXResourcesBuildPhase section */

/* Begin PBXSourcesBuildPhase section */
		D613BE131F6193110090316D /* Sources */ = {
			isa = PBXSourcesBuildPhase;
			buildActionMask = 2147483647;
			files = (
				D613BE221F6193110090316D /* ViewController.m in Sources */,
				D613BE1F1F6193110090316D /* AppDelegate.m in Sources */,
				D613BE1C1F6193110090316D /* main.m in Sources */,
			);
			runOnlyForDeploymentPostprocessing = 0;
		};
/* End PBXSourcesBuildPhase section */

/* Begin PBXVariantGroup section */
		D613BE231F6193110090316D /* Main.storyboard */ = {
			isa = PBXVariantGroup;
			children = (
				D613BE241F6193110090316D /* Base */,
			);
			name = Main.storyboard;
			sourceTree = "<group>";
		};
		D613BE281F6193110090316D /* LaunchScreen.storyboard */ = {
			isa = PBXVariantGroup;
			children = (
				D613BE291F6193110090316D /* Base */,
			);
			name = LaunchScreen.storyboard;
			sourceTree = "<group>";
		};
/* End PBXVariantGroup section */

/* Begin XCBuildConfiguration section */
		D613BE2C1F6193110090316D /* Debug */ = {
			isa = XCBuildConfiguration;
			buildSettings = {
				ALWAYS_SEARCH_USER_PATHS = NO;
				CLANG_ANALYZER_NONNULL = YES;
				CLANG_ANALYZER_NUMBER_OBJECT_CONVERSION = YES_AGGRESSIVE;
				CLANG_CXX_LANGUAGE_STANDARD = "gnu++0x";
				CLANG_CXX_LIBRARY = "libc++";
				CLANG_ENABLE_MODULES = YES;
				CLANG_ENABLE_OBJC_ARC = YES;
				CLANG_WARN_BOOL_CONVERSION = YES;
				CLANG_WARN_CONSTANT_CONVERSION = YES;
				CLANG_WARN_DIRECT_OBJC_ISA_USAGE = YES_ERROR;
				CLANG_WARN_DOCUMENTATION_COMMENTS = YES;
				CLANG_WARN_EMPTY_BODY = YES;
				CLANG_WARN_ENUM_CONVERSION = YES;
				CLANG_WARN_INFINITE_RECURSION = YES;
				CLANG_WARN_INT_CONVERSION = YES;
				CLANG_WARN_OBJC_ROOT_CLASS = YES_ERROR;
				CLANG_WARN_SUSPICIOUS_MOVE = YES;
				CLANG_WARN_UNREACHABLE_CODE = YES;
				CLANG_WARN__DUPLICATE_METHOD_MATCH = YES;
				"CODE_SIGN_IDENTITY[sdk=iphoneos*]" = "iPhone Developer";
				COPY_PHASE_STRIP = NO;
				DEBUG_INFORMATION_FORMAT = dwarf;
				ENABLE_STRICT_OBJC_MSGSEND = YES;
				ENABLE_TESTABILITY = YES;
				GCC_C_LANGUAGE_STANDARD = gnu99;
				GCC_DYNAMIC_NO_PIC = NO;
				GCC_NO_COMMON_BLOCKS = YES;
				GCC_OPTIMIZATION_LEVEL = 0;
				GCC_PREPROCESSOR_DEFINITIONS = (
					"DEBUG=1",
					"$(inherited)",
				);
				GCC_WARN_64_TO_32_BIT_CONVERSION = YES;
				GCC_WARN_ABOUT_RETURN_TYPE = YES_ERROR;
				GCC_WARN_UNDECLARED_SELECTOR = YES;
				GCC_WARN_UNINITIALIZED_AUTOS = YES_AGGRESSIVE;
				GCC_WARN_UNUSED_FUNCTION = YES;
				GCC_WARN_UNUSED_VARIABLE = YES;
				IPHONEOS_DEPLOYMENT_TARGET = 10.3;
				MTL_ENABLE_DEBUG_INFO = YES;
				ONLY_ACTIVE_ARCH = YES;
				SDKROOT = iphoneos;
			};
			name = Debug;
		};
		D613BE2D1F6193110090316D /* Release */ = {
			isa = XCBuildConfiguration;
			buildSettings = {
				ALWAYS_SEARCH_USER_PATHS = NO;
				CLANG_ANALYZER_NONNULL = YES;
				CLANG_ANALYZER_NUMBER_OBJECT_CONVERSION = YES_AGGRESSIVE;
				CLANG_CXX_LANGUAGE_STANDARD = "gnu++0x";
				CLANG_CXX_LIBRARY = "libc++";
				CLANG_ENABLE_MODULES = YES;
				CLANG_ENABLE_OBJC_ARC = YES;
				CLANG_WARN_BOOL_CONVERSION = YES;
				CLANG_WARN_CONSTANT_CONVERSION = YES;
				CLANG_WARN_DIRECT_OBJC_ISA_USAGE = YES_ERROR;
				CLANG_WARN_DOCUMENTATION_COMMENTS = YES;
				CLANG_WARN_EMPTY_BODY = YES;
				CLANG_WARN_ENUM_CONVERSION = YES;
				CLANG_WARN_INFINITE_RECURSION = YES;
				CLANG_WARN_INT_CONVERSION = YES;
				CLANG_WARN_OBJC_ROOT_CLASS = YES_ERROR;
				CLANG_WARN_SUSPICIOUS_MOVE = YES;
				CLANG_WARN_UNREACHABLE_CODE = YES;
				CLANG_WARN__DUPLICATE_METHOD_MATCH = YES;
				"CODE_SIGN_IDENTITY[sdk=iphoneos*]" = "iPhone Developer";
				COPY_PHASE_STRIP = NO;
				DEBUG_INFORMATION_FORMAT = "dwarf-with-dsym";
				ENABLE_NS_ASSERTIONS = NO;
				ENABLE_STRICT_OBJC_MSGSEND = YES;
				GCC_C_LANGUAGE_STANDARD = gnu99;
				GCC_NO_COMMON_BLOCKS = YES;
				GCC_WARN_64_TO_32_BIT_CONVERSION = YES;
				GCC_WARN_ABOUT_RETURN_TYPE = YES_ERROR;
				GCC_WARN_UNDECLARED_SELECTOR = YES;
				GCC_WARN_UNINITIALIZED_AUTOS = YES_AGGRESSIVE;
				GCC_WARN_UNUSED_FUNCTION = YES;
				GCC_WARN_UNUSED_VARIABLE = YES;
				IPHONEOS_DEPLOYMENT_TARGET = 10.3;
				MTL_ENABLE_DEBUG_INFO = NO;
				SDKROOT = iphoneos;
				VALIDATE_PRODUCT = YES;
			};
			name = Release;
		};
		D613BE2F1F6193110090316D /* Debug */ = {
			isa = XCBuildConfiguration;
			buildSettings = {
				ASSETCATALOG_COMPILER_APPICON_NAME = AppIcon;
				DEVELOPMENT_TEAM = 8Y6S2469TB;
				INFOPLIST_FILE = HYSmartPlus/Info.plist;
				LD_RUNPATH_SEARCH_PATHS = "$(inherited) @executable_path/Frameworks";
				PRODUCT_BUNDLE_IDENTIFIER = com.hongyan.HYSmartPlus;
				PRODUCT_NAME = "$(TARGET_NAME)";
			};
			name = Debug;
		};
		D613BE301F6193110090316D /* Release */ = {
			isa = XCBuildConfiguration;
			buildSettings = {
				ASSETCATALOG_COMPILER_APPICON_NAME = AppIcon;
				DEVELOPMENT_TEAM = 8Y6S2469TB;
				INFOPLIST_FILE = HYSmartPlus/Info.plist;
				LD_RUNPATH_SEARCH_PATHS = "$(inherited) @executable_path/Frameworks";
				PRODUCT_BUNDLE_IDENTIFIER = com.hongyan.HYSmartPlus;
				PRODUCT_NAME = "$(TARGET_NAME)";
			};
			name = Release;
		};
/* End XCBuildConfiguration section */

/* Begin XCConfigurationList section */
		D613BE121F6193110090316D /* Build configuration list for PBXProject "HYSmartPlus" */ = {
			isa = XCConfigurationList;
			buildConfigurations = (
				D613BE2C1F6193110090316D /* Debug */,
				D613BE2D1F6193110090316D /* Release */,
			);
			defaultConfigurationIsVisible = 0;
			defaultConfigurationName = Release;
		};
		D613BE2E1F6193110090316D /* Build configuration list for PBXNativeTarget "HYSmartPlus" */ = {
			isa = XCConfigurationList;
			buildConfigurations = (
				D613BE2F1F6193110090316D /* Debug */,
				D613BE301F6193110090316D /* Release */,
			);
			defaultConfigurationIsVisible = 0;
		};
/* End XCConfigurationList section */
	};
	rootObject = D613BE0F1F6193110090316D /* Project object */;
}
