// !$*UTF8*$!
{
	archiveVersion = 1;
	classes = {
	};
	objectVersion = 46;
	objects = {

/* Begin PBXBuildFile section */
		AD0AB7593694FC2B34F489A2 /* libPods-HYSmartPlus.a in Frameworks */ = {isa = PBXBuildFile; fileRef = 2E516427D7835A9299751D20 /* libPods-HYSmartPlus.a */; };
		D60A691D1FC298CC007BA4F6 /* SPGridItem.m in Sources */ = {isa = PBXBuildFile; fileRef = D60A691C1FC298CC007BA4F6 /* SPGridItem.m */; };
		D60A69221FC2B18E007BA4F6 /* GoodsGrid.plist in Resources */ = {isa = PBXBuildFile; fileRef = D60A69211FC2B18E007BA4F6 /* GoodsGrid.plist */; };
		D60A69261FC2B2DD007BA4F6 /* SPGoodsGridCell.m in Sources */ = {isa = PBXBuildFile; fileRef = D60A69251FC2B2DD007BA4F6 /* SPGoodsGridCell.m */; };
		D60EC4C11FC66DE700F78F31 /* SPSpeedy.m in Sources */ = {isa = PBXBuildFile; fileRef = D60EC4BF1FC66DE700F78F31 /* SPSpeedy.m */; };
		D60EC4C41FC6737B00F78F31 /* SPOverFootView.m in Sources */ = {isa = PBXBuildFile; fileRef = D60EC4C31FC6737B00F78F31 /* SPOverFootView.m */; };
		D60EC4CB1FC68C4900F78F31 /* SPCommodityViewController.m in Sources */ = {isa = PBXBuildFile; fileRef = D60EC4CA1FC68C4900F78F31 /* SPCommodityViewController.m */; };
		D60EC4CE1FC695D400F78F31 /* SPClassGoodsItem.m in Sources */ = {isa = PBXBuildFile; fileRef = D60EC4CD1FC695D400F78F31 /* SPClassGoodsItem.m */; };
		D60EC4D11FC6979500F78F31 /* ClassifyTitles.plist in Resources */ = {isa = PBXBuildFile; fileRef = D60EC4D01FC6979400F78F31 /* ClassifyTitles.plist */; };
		D60EC4D71FC6981900F78F31 /* SPClassCategoryCell.m in Sources */ = {isa = PBXBuildFile; fileRef = D60EC4D61FC6981900F78F31 /* SPClassCategoryCell.m */; };
		D60EC4DA1FC6A95300F78F31 /* SPClassMainItem.m in Sources */ = {isa = PBXBuildFile; fileRef = D60EC4D91FC6A95300F78F31 /* SPClassMainItem.m */; };
		D60EC4DD1FC6A98600F78F31 /* SPClassSubItem.m in Sources */ = {isa = PBXBuildFile; fileRef = D60EC4DC1FC6A98600F78F31 /* SPClassSubItem.m */; };
		D60EC4DF1FC6ACF300F78F31 /* ClassiftyGoods01.plist in Resources */ = {isa = PBXBuildFile; fileRef = D60EC4DE1FC6ACF300F78F31 /* ClassiftyGoods01.plist */; };
		D60EC4E41FC6AF1300F78F31 /* SPBrandSortHeadView.m in Sources */ = {isa = PBXBuildFile; fileRef = D60EC4E31FC6AF1300F78F31 /* SPBrandSortHeadView.m */; };
		D60EC4E71FC6B49A00F78F31 /* SPGoodsSortCell.m in Sources */ = {isa = PBXBuildFile; fileRef = D60EC4E61FC6B49A00F78F31 /* SPGoodsSortCell.m */; };
		D60EC4EA1FC6BC8600F78F31 /* SPBrandSortCell.m in Sources */ = {isa = PBXBuildFile; fileRef = D60EC4E91FC6BC8600F78F31 /* SPBrandSortCell.m */; };
		D60EC4ED1FC6C1BB00F78F31 /* ClassiftyGoods03.plist in Resources */ = {isa = PBXBuildFile; fileRef = D60EC4EB1FC6C1BB00F78F31 /* ClassiftyGoods03.plist */; };
		D60EC4EE1FC6C1BB00F78F31 /* ClassiftyGoods02.plist in Resources */ = {isa = PBXBuildFile; fileRef = D60EC4EC1FC6C1BB00F78F31 /* ClassiftyGoods02.plist */; };
		D61165F61F6BBCE6008A5199 /* SPBaseParam.m in Sources */ = {isa = PBXBuildFile; fileRef = D61165F51F6BBCE6008A5199 /* SPBaseParam.m */; };
		D613BE251F6193110090316D /* Main.storyboard in Resources */ = {isa = PBXBuildFile; fileRef = D613BE231F6193110090316D /* Main.storyboard */; };
		D613BE271F6193110090316D /* Images.xcassets in Resources */ = {isa = PBXBuildFile; fileRef = D613BE261F6193110090316D /* Images.xcassets */; };
		D613BE2A1F6193110090316D /* LaunchScreen.storyboard in Resources */ = {isa = PBXBuildFile; fileRef = D613BE281F6193110090316D /* LaunchScreen.storyboard */; };
		D613E7BC1F6621E600D62B89 /* main.m in Sources */ = {isa = PBXBuildFile; fileRef = D613E7B71F6621E600D62B89 /* main.m */; };
		D613E7BD1F6621E600D62B89 /* SPAppDelegate.m in Sources */ = {isa = PBXBuildFile; fileRef = D613E7B91F6621E600D62B89 /* SPAppDelegate.m */; };
		D613E7C51F66229700D62B89 /* SPAccount.m in Sources */ = {isa = PBXBuildFile; fileRef = D613E7C41F66229700D62B89 /* SPAccount.m */; };
		D613E7C81F662F3700D62B89 /* SPAccountTool.m in Sources */ = {isa = PBXBuildFile; fileRef = D613E7C71F662F3700D62B89 /* SPAccountTool.m */; };
		D613E7CF1F66522600D62B89 /* SPSmartPlusTool.m in Sources */ = {isa = PBXBuildFile; fileRef = D613E7CE1F66522600D62B89 /* SPSmartPlusTool.m */; };
		D613E7D51F66561800D62B89 /* SPTabBarController.m in Sources */ = {isa = PBXBuildFile; fileRef = D613E7D41F66561800D62B89 /* SPTabBarController.m */; };
		D613E7D81F66579C00D62B89 /* SPTabBar.m in Sources */ = {isa = PBXBuildFile; fileRef = D613E7D71F66579C00D62B89 /* SPTabBar.m */; };
		D613E7E01F666D2D00D62B89 /* SPNavigationController.m in Sources */ = {isa = PBXBuildFile; fileRef = D613E7DF1F666D2D00D62B89 /* SPNavigationController.m */; };
		D61405FD1FBC8C6800E50627 /* UIImage+SPExtension.m in Sources */ = {isa = PBXBuildFile; fileRef = D61405FC1FBC8C6800E50627 /* UIImage+SPExtension.m */; };
		D614E8831FC3B6BF000C8F85 /* SPTopLineFootView.m in Sources */ = {isa = PBXBuildFile; fileRef = D614E8821FC3B6BF000C8F85 /* SPTopLineFootView.m */; };
		D614E8891FC3B82D000C8F85 /* SPNumericalScrollView.m in Sources */ = {isa = PBXBuildFile; fileRef = D614E8881FC3B82D000C8F85 /* SPNumericalScrollView.m */; };
		D614E88C1FC40519000C8F85 /* SPCountDownHeadView.m in Sources */ = {isa = PBXBuildFile; fileRef = D614E88B1FC40519000C8F85 /* SPCountDownHeadView.m */; };
		D614E88F1FC40753000C8F85 /* SPZuoWenRightButton.m in Sources */ = {isa = PBXBuildFile; fileRef = D614E88E1FC40753000C8F85 /* SPZuoWenRightButton.m */; };
		D614E8921FC41577000C8F85 /* SPGoodsCountDownCell.m in Sources */ = {isa = PBXBuildFile; fileRef = D614E8911FC41577000C8F85 /* SPGoodsCountDownCell.m */; };
		D614E8951FC418AD000C8F85 /* SPRecommendItem.m in Sources */ = {isa = PBXBuildFile; fileRef = D614E8941FC418AD000C8F85 /* SPRecommendItem.m */; };
		D614E8981FC41BD0000C8F85 /* SPGoodsSurplusCell.m in Sources */ = {isa = PBXBuildFile; fileRef = D614E8971FC41BD0000C8F85 /* SPGoodsSurplusCell.m */; };
		D614E89A1FC42510000C8F85 /* CountDownShop.plist in Resources */ = {isa = PBXBuildFile; fileRef = D614E8991FC4250F000C8F85 /* CountDownShop.plist */; };
		D6177DCE1F714D9D00667BE1 /* SPSliderResult.m in Sources */ = {isa = PBXBuildFile; fileRef = D6177DCD1F714D9D00667BE1 /* SPSliderResult.m */; };
		D617DC9F1F67A7AC00DB6FEB /* SPHandPickViewController.m in Sources */ = {isa = PBXBuildFile; fileRef = D617DC9E1F67A7AC00DB6FEB /* SPHandPickViewController.m */; };
		D617DCA31F67B81100DB6FEB /* SPConsts.m in Sources */ = {isa = PBXBuildFile; fileRef = D617DCA21F67B81100DB6FEB /* SPConsts.m */; };
		D61C459A1F711BF7008B950A /* SPHomeTool.m in Sources */ = {isa = PBXBuildFile; fileRef = D61C45991F711BF7008B950A /* SPHomeTool.m */; };
		D61C459D1F711C5D008B950A /* SPSliderParam.m in Sources */ = {isa = PBXBuildFile; fileRef = D61C459C1F711C5D008B950A /* SPSliderParam.m */; };
		D626C2471FC51F1500FFD736 /* SPExceedApplianceCell.m in Sources */ = {isa = PBXBuildFile; fileRef = D626C2461FC51F1500FFD736 /* SPExceedApplianceCell.m */; };
		D626C24A1FC541C900FFD736 /* SPGoodsHandheldCell.m in Sources */ = {isa = PBXBuildFile; fileRef = D626C2491FC541C900FFD736 /* SPGoodsHandheldCell.m */; };
		D626C24D1FC54A2900FFD736 /* SPScrollAdFootView.m in Sources */ = {isa = PBXBuildFile; fileRef = D626C24C1FC54A2900FFD736 /* SPScrollAdFootView.m */; };
		D626C2501FC5534E00FFD736 /* SPGoodsRecommendHeadView.m in Sources */ = {isa = PBXBuildFile; fileRef = D626C24F1FC5534E00FFD736 /* SPGoodsRecommendHeadView.m */; };
		D626C2531FC55ACD00FFD736 /* SPLIRLButton.m in Sources */ = {isa = PBXBuildFile; fileRef = D626C2521FC55ACD00FFD736 /* SPLIRLButton.m */; };
		D626C2551FC5742D00FFD736 /* HomeHighGoods.plist in Resources */ = {isa = PBXBuildFile; fileRef = D626C2541FC5742D00FFD736 /* HomeHighGoods.plist */; };
		D626C2581FC5750600FFD736 /* SPYouLikeHeadView.m in Sources */ = {isa = PBXBuildFile; fileRef = D626C2571FC5750600FFD736 /* SPYouLikeHeadView.m */; };
		D626C25B1FC577D700FFD736 /* SPGoodsYouLikeCell.m in Sources */ = {isa = PBXBuildFile; fileRef = D626C25A1FC577D700FFD736 /* SPGoodsYouLikeCell.m */; };
		D629435B1F692BE2000287FF /* SPHttpTool.m in Sources */ = {isa = PBXBuildFile; fileRef = D629435A1F692BE2000287FF /* SPHttpTool.m */; };
		D63CDBD01FBD95CD009A607C /* SPViewController.m in Sources */ = {isa = PBXBuildFile; fileRef = D63CDBCF1FBD95CD009A607C /* SPViewController.m */; };
		D69B14631F67E91A00CB040A /* SPSlideshowHeadView.m in Sources */ = {isa = PBXBuildFile; fileRef = D69B14621F67E91A00CB040A /* SPSlideshowHeadView.m */; };
		D69B14671F67EA6400CB040A /* UIView+SPExtension.m in Sources */ = {isa = PBXBuildFile; fileRef = D69B14661F67EA6400CB040A /* UIView+SPExtension.m */; };
		D6F0F4601FB9746500849796 /* UIBarButtonItem+SPBarButtonItem.m in Sources */ = {isa = PBXBuildFile; fileRef = D6F0F45F1FB9746500849796 /* UIBarButtonItem+SPBarButtonItem.m */; };
		D6F0F4631FB9832000849796 /* SPNavSearchBarView.m in Sources */ = {isa = PBXBuildFile; fileRef = D6F0F4621FB9832000849796 /* SPNavSearchBarView.m */; };
/* End PBXBuildFile section */

/* Begin PBXFileReference section */
		2E516427D7835A9299751D20 /* libPods-HYSmartPlus.a */ = {isa = PBXFileReference; explicitFileType = archive.ar; includeInIndex = 0; path = "libPods-HYSmartPlus.a"; sourceTree = BUILT_PRODUCTS_DIR; };
		3D651C6E73B5442BE15A02C2 /* Pods-HYSmartPlus.release.xcconfig */ = {isa = PBXFileReference; includeInIndex = 1; lastKnownFileType = text.xcconfig; name = "Pods-HYSmartPlus.release.xcconfig"; path = "Pods/Target Support Files/Pods-HYSmartPlus/Pods-HYSmartPlus.release.xcconfig"; sourceTree = "<group>"; };
		D60A691B1FC298CC007BA4F6 /* SPGridItem.h */ = {isa = PBXFileReference; lastKnownFileType = sourcecode.c.h; path = SPGridItem.h; sourceTree = "<group>"; };
		D60A691C1FC298CC007BA4F6 /* SPGridItem.m */ = {isa = PBXFileReference; lastKnownFileType = sourcecode.c.objc; path = SPGridItem.m; sourceTree = "<group>"; };
		D60A69211FC2B18E007BA4F6 /* GoodsGrid.plist */ = {isa = PBXFileReference; fileEncoding = 4; lastKnownFileType = text.plist.xml; path = GoodsGrid.plist; sourceTree = "<group>"; };
		D60A69241FC2B2DD007BA4F6 /* SPGoodsGridCell.h */ = {isa = PBXFileReference; lastKnownFileType = sourcecode.c.h; path = SPGoodsGridCell.h; sourceTree = "<group>"; };
		D60A69251FC2B2DD007BA4F6 /* SPGoodsGridCell.m */ = {isa = PBXFileReference; lastKnownFileType = sourcecode.c.objc; path = SPGoodsGridCell.m; sourceTree = "<group>"; };
		D60EC4BF1FC66DE700F78F31 /* SPSpeedy.m */ = {isa = PBXFileReference; fileEncoding = 4; lastKnownFileType = sourcecode.c.objc; path = SPSpeedy.m; sourceTree = "<group>"; };
		D60EC4C01FC66DE700F78F31 /* SPSpeedy.h */ = {isa = PBXFileReference; fileEncoding = 4; lastKnownFileType = sourcecode.c.h; path = SPSpeedy.h; sourceTree = "<group>"; };
		D60EC4C21FC6737B00F78F31 /* SPOverFootView.h */ = {isa = PBXFileReference; lastKnownFileType = sourcecode.c.h; path = SPOverFootView.h; sourceTree = "<group>"; };
		D60EC4C31FC6737B00F78F31 /* SPOverFootView.m */ = {isa = PBXFileReference; lastKnownFileType = sourcecode.c.objc; path = SPOverFootView.m; sourceTree = "<group>"; };
		D60EC4C91FC68C4900F78F31 /* SPCommodityViewController.h */ = {isa = PBXFileReference; lastKnownFileType = sourcecode.c.h; path = SPCommodityViewController.h; sourceTree = "<group>"; };
		D60EC4CA1FC68C4900F78F31 /* SPCommodityViewController.m */ = {isa = PBXFileReference; lastKnownFileType = sourcecode.c.objc; path = SPCommodityViewController.m; sourceTree = "<group>"; };
		D60EC4CC1FC695D400F78F31 /* SPClassGoodsItem.h */ = {isa = PBXFileReference; lastKnownFileType = sourcecode.c.h; path = SPClassGoodsItem.h; sourceTree = "<group>"; };
		D60EC4CD1FC695D400F78F31 /* SPClassGoodsItem.m */ = {isa = PBXFileReference; lastKnownFileType = sourcecode.c.objc; path = SPClassGoodsItem.m; sourceTree = "<group>"; };
		D60EC4D01FC6979400F78F31 /* ClassifyTitles.plist */ = {isa = PBXFileReference; fileEncoding = 4; lastKnownFileType = text.plist.xml; path = ClassifyTitles.plist; sourceTree = "<group>"; };
		D60EC4D51FC6981900F78F31 /* SPClassCategoryCell.h */ = {isa = PBXFileReference; lastKnownFileType = sourcecode.c.h; path = SPClassCategoryCell.h; sourceTree = "<group>"; };
		D60EC4D61FC6981900F78F31 /* SPClassCategoryCell.m */ = {isa = PBXFileReference; lastKnownFileType = sourcecode.c.objc; path = SPClassCategoryCell.m; sourceTree = "<group>"; };
		D60EC4D81FC6A95300F78F31 /* SPClassMainItem.h */ = {isa = PBXFileReference; lastKnownFileType = sourcecode.c.h; path = SPClassMainItem.h; sourceTree = "<group>"; };
		D60EC4D91FC6A95300F78F31 /* SPClassMainItem.m */ = {isa = PBXFileReference; lastKnownFileType = sourcecode.c.objc; path = SPClassMainItem.m; sourceTree = "<group>"; };
		D60EC4DB1FC6A98600F78F31 /* SPClassSubItem.h */ = {isa = PBXFileReference; lastKnownFileType = sourcecode.c.h; path = SPClassSubItem.h; sourceTree = "<group>"; };
		D60EC4DC1FC6A98600F78F31 /* SPClassSubItem.m */ = {isa = PBXFileReference; lastKnownFileType = sourcecode.c.objc; path = SPClassSubItem.m; sourceTree = "<group>"; };
		D60EC4DE1FC6ACF300F78F31 /* ClassiftyGoods01.plist */ = {isa = PBXFileReference; fileEncoding = 4; lastKnownFileType = text.plist.xml; path = ClassiftyGoods01.plist; sourceTree = "<group>"; };
		D60EC4E21FC6AF1300F78F31 /* SPBrandSortHeadView.h */ = {isa = PBXFileReference; lastKnownFileType = sourcecode.c.h; path = SPBrandSortHeadView.h; sourceTree = "<group>"; };
		D60EC4E31FC6AF1300F78F31 /* SPBrandSortHeadView.m */ = {isa = PBXFileReference; lastKnownFileType = sourcecode.c.objc; path = SPBrandSortHeadView.m; sourceTree = "<group>"; };
		D60EC4E51FC6B49A00F78F31 /* SPGoodsSortCell.h */ = {isa = PBXFileReference; lastKnownFileType = sourcecode.c.h; path = SPGoodsSortCell.h; sourceTree = "<group>"; };
		D60EC4E61FC6B49A00F78F31 /* SPGoodsSortCell.m */ = {isa = PBXFileReference; lastKnownFileType = sourcecode.c.objc; path = SPGoodsSortCell.m; sourceTree = "<group>"; };
		D60EC4E81FC6BC8600F78F31 /* SPBrandSortCell.h */ = {isa = PBXFileReference; lastKnownFileType = sourcecode.c.h; path = SPBrandSortCell.h; sourceTree = "<group>"; };
		D60EC4E91FC6BC8600F78F31 /* SPBrandSortCell.m */ = {isa = PBXFileReference; lastKnownFileType = sourcecode.c.objc; path = SPBrandSortCell.m; sourceTree = "<group>"; };
		D60EC4EB1FC6C1BB00F78F31 /* ClassiftyGoods03.plist */ = {isa = PBXFileReference; fileEncoding = 4; lastKnownFileType = text.plist.xml; path = ClassiftyGoods03.plist; sourceTree = "<group>"; };
		D60EC4EC1FC6C1BB00F78F31 /* ClassiftyGoods02.plist */ = {isa = PBXFileReference; fileEncoding = 4; lastKnownFileType = text.plist.xml; path = ClassiftyGoods02.plist; sourceTree = "<group>"; };
		D61165F41F6BBCE6008A5199 /* SPBaseParam.h */ = {isa = PBXFileReference; fileEncoding = 4; lastKnownFileType = sourcecode.c.h; path = SPBaseParam.h; sourceTree = "<group>"; };
		D61165F51F6BBCE6008A5199 /* SPBaseParam.m */ = {isa = PBXFileReference; fileEncoding = 4; lastKnownFileType = sourcecode.c.objc; path = SPBaseParam.m; sourceTree = "<group>"; };
		D613BE171F6193110090316D /* HYSmartPlus.app */ = {isa = PBXFileReference; explicitFileType = wrapper.application; includeInIndex = 0; path = HYSmartPlus.app; sourceTree = BUILT_PRODUCTS_DIR; };
		D613BE241F6193110090316D /* Base */ = {isa = PBXFileReference; lastKnownFileType = file.storyboard; name = Base; path = Base.lproj/Main.storyboard; sourceTree = "<group>"; };
		D613BE261F6193110090316D /* Images.xcassets */ = {isa = PBXFileReference; lastKnownFileType = folder.assetcatalog; path = Images.xcassets; sourceTree = "<group>"; };
		D613BE291F6193110090316D /* Base */ = {isa = PBXFileReference; lastKnownFileType = file.storyboard; name = Base; path = Base.lproj/LaunchScreen.storyboard; sourceTree = "<group>"; };
		D613BE2B1F6193110090316D /* Info.plist */ = {isa = PBXFileReference; lastKnownFileType = text.plist.xml; path = Info.plist; sourceTree = "<group>"; };
		D613E7B71F6621E600D62B89 /* main.m */ = {isa = PBXFileReference; fileEncoding = 4; lastKnownFileType = sourcecode.c.objc; path = main.m; sourceTree = "<group>"; };
		D613E7B81F6621E600D62B89 /* SPAppDelegate.h */ = {isa = PBXFileReference; fileEncoding = 4; lastKnownFileType = sourcecode.c.h; path = SPAppDelegate.h; sourceTree = "<group>"; };
		D613E7B91F6621E600D62B89 /* SPAppDelegate.m */ = {isa = PBXFileReference; fileEncoding = 4; lastKnownFileType = sourcecode.c.objc; path = SPAppDelegate.m; sourceTree = "<group>"; };
		D613E7BA1F6621E600D62B89 /* SPCommon.h */ = {isa = PBXFileReference; fileEncoding = 4; lastKnownFileType = sourcecode.c.h; path = SPCommon.h; sourceTree = "<group>"; };
		D613E7C31F66229700D62B89 /* SPAccount.h */ = {isa = PBXFileReference; fileEncoding = 4; lastKnownFileType = sourcecode.c.h; path = SPAccount.h; sourceTree = "<group>"; };
		D613E7C41F66229700D62B89 /* SPAccount.m */ = {isa = PBXFileReference; fileEncoding = 4; lastKnownFileType = sourcecode.c.objc; path = SPAccount.m; sourceTree = "<group>"; };
		D613E7C61F662F3700D62B89 /* SPAccountTool.h */ = {isa = PBXFileReference; fileEncoding = 4; lastKnownFileType = sourcecode.c.h; path = SPAccountTool.h; sourceTree = "<group>"; };
		D613E7C71F662F3700D62B89 /* SPAccountTool.m */ = {isa = PBXFileReference; fileEncoding = 4; lastKnownFileType = sourcecode.c.objc; path = SPAccountTool.m; sourceTree = "<group>"; };
		D613E7CD1F66522600D62B89 /* SPSmartPlusTool.h */ = {isa = PBXFileReference; fileEncoding = 4; lastKnownFileType = sourcecode.c.h; path = SPSmartPlusTool.h; sourceTree = "<group>"; };
		D613E7CE1F66522600D62B89 /* SPSmartPlusTool.m */ = {isa = PBXFileReference; fileEncoding = 4; lastKnownFileType = sourcecode.c.objc; path = SPSmartPlusTool.m; sourceTree = "<group>"; };
		D613E7D31F66561800D62B89 /* SPTabBarController.h */ = {isa = PBXFileReference; fileEncoding = 4; lastKnownFileType = sourcecode.c.h; path = SPTabBarController.h; sourceTree = "<group>"; };
		D613E7D41F66561800D62B89 /* SPTabBarController.m */ = {isa = PBXFileReference; fileEncoding = 4; lastKnownFileType = sourcecode.c.objc; path = SPTabBarController.m; sourceTree = "<group>"; };
		D613E7D61F66579C00D62B89 /* SPTabBar.h */ = {isa = PBXFileReference; fileEncoding = 4; lastKnownFileType = sourcecode.c.h; path = SPTabBar.h; sourceTree = "<group>"; };
		D613E7D71F66579C00D62B89 /* SPTabBar.m */ = {isa = PBXFileReference; fileEncoding = 4; lastKnownFileType = sourcecode.c.objc; path = SPTabBar.m; sourceTree = "<group>"; };
		D613E7DB1F66651300D62B89 /* Headers.h */ = {isa = PBXFileReference; lastKnownFileType = sourcecode.c.h; path = Headers.h; sourceTree = "<group>"; };
		D613E7DD1F66663800D62B89 /* Macros.h */ = {isa = PBXFileReference; lastKnownFileType = sourcecode.c.h; path = Macros.h; sourceTree = "<group>"; };
		D613E7DE1F666D2D00D62B89 /* SPNavigationController.h */ = {isa = PBXFileReference; fileEncoding = 4; lastKnownFileType = sourcecode.c.h; path = SPNavigationController.h; sourceTree = "<group>"; };
		D613E7DF1F666D2D00D62B89 /* SPNavigationController.m */ = {isa = PBXFileReference; fileEncoding = 4; lastKnownFileType = sourcecode.c.objc; path = SPNavigationController.m; sourceTree = "<group>"; };
		D61405FB1FBC8C6800E50627 /* UIImage+SPExtension.h */ = {isa = PBXFileReference; lastKnownFileType = sourcecode.c.h; path = "UIImage+SPExtension.h"; sourceTree = "<group>"; };
		D61405FC1FBC8C6800E50627 /* UIImage+SPExtension.m */ = {isa = PBXFileReference; lastKnownFileType = sourcecode.c.objc; path = "UIImage+SPExtension.m"; sourceTree = "<group>"; };
		D614E8811FC3B6BF000C8F85 /* SPTopLineFootView.h */ = {isa = PBXFileReference; lastKnownFileType = sourcecode.c.h; path = SPTopLineFootView.h; sourceTree = "<group>"; };
		D614E8821FC3B6BF000C8F85 /* SPTopLineFootView.m */ = {isa = PBXFileReference; lastKnownFileType = sourcecode.c.objc; path = SPTopLineFootView.m; sourceTree = "<group>"; };
		D614E8871FC3B82D000C8F85 /* SPNumericalScrollView.h */ = {isa = PBXFileReference; lastKnownFileType = sourcecode.c.h; path = SPNumericalScrollView.h; sourceTree = "<group>"; };
		D614E8881FC3B82D000C8F85 /* SPNumericalScrollView.m */ = {isa = PBXFileReference; lastKnownFileType = sourcecode.c.objc; path = SPNumericalScrollView.m; sourceTree = "<group>"; };
		D614E88A1FC40519000C8F85 /* SPCountDownHeadView.h */ = {isa = PBXFileReference; lastKnownFileType = sourcecode.c.h; path = SPCountDownHeadView.h; sourceTree = "<group>"; };
		D614E88B1FC40519000C8F85 /* SPCountDownHeadView.m */ = {isa = PBXFileReference; lastKnownFileType = sourcecode.c.objc; path = SPCountDownHeadView.m; sourceTree = "<group>"; };
		D614E88D1FC40753000C8F85 /* SPZuoWenRightButton.h */ = {isa = PBXFileReference; lastKnownFileType = sourcecode.c.h; path = SPZuoWenRightButton.h; sourceTree = "<group>"; };
		D614E88E1FC40753000C8F85 /* SPZuoWenRightButton.m */ = {isa = PBXFileReference; lastKnownFileType = sourcecode.c.objc; path = SPZuoWenRightButton.m; sourceTree = "<group>"; };
		D614E8901FC41577000C8F85 /* SPGoodsCountDownCell.h */ = {isa = PBXFileReference; lastKnownFileType = sourcecode.c.h; path = SPGoodsCountDownCell.h; sourceTree = "<group>"; };
		D614E8911FC41577000C8F85 /* SPGoodsCountDownCell.m */ = {isa = PBXFileReference; lastKnownFileType = sourcecode.c.objc; path = SPGoodsCountDownCell.m; sourceTree = "<group>"; };
		D614E8931FC418AD000C8F85 /* SPRecommendItem.h */ = {isa = PBXFileReference; lastKnownFileType = sourcecode.c.h; path = SPRecommendItem.h; sourceTree = "<group>"; };
		D614E8941FC418AD000C8F85 /* SPRecommendItem.m */ = {isa = PBXFileReference; lastKnownFileType = sourcecode.c.objc; path = SPRecommendItem.m; sourceTree = "<group>"; };
		D614E8961FC41BD0000C8F85 /* SPGoodsSurplusCell.h */ = {isa = PBXFileReference; lastKnownFileType = sourcecode.c.h; path = SPGoodsSurplusCell.h; sourceTree = "<group>"; };
		D614E8971FC41BD0000C8F85 /* SPGoodsSurplusCell.m */ = {isa = PBXFileReference; lastKnownFileType = sourcecode.c.objc; path = SPGoodsSurplusCell.m; sourceTree = "<group>"; };
		D614E8991FC4250F000C8F85 /* CountDownShop.plist */ = {isa = PBXFileReference; fileEncoding = 4; lastKnownFileType = text.plist.xml; path = CountDownShop.plist; sourceTree = "<group>"; };
		D6177DCC1F714D9D00667BE1 /* SPSliderResult.h */ = {isa = PBXFileReference; fileEncoding = 4; lastKnownFileType = sourcecode.c.h; path = SPSliderResult.h; sourceTree = "<group>"; };
		D6177DCD1F714D9D00667BE1 /* SPSliderResult.m */ = {isa = PBXFileReference; fileEncoding = 4; lastKnownFileType = sourcecode.c.objc; path = SPSliderResult.m; sourceTree = "<group>"; };
		D617DC9D1F67A7AC00DB6FEB /* SPHandPickViewController.h */ = {isa = PBXFileReference; fileEncoding = 4; lastKnownFileType = sourcecode.c.h; path = SPHandPickViewController.h; sourceTree = "<group>"; };
		D617DC9E1F67A7AC00DB6FEB /* SPHandPickViewController.m */ = {isa = PBXFileReference; fileEncoding = 4; lastKnownFileType = sourcecode.c.objc; path = SPHandPickViewController.m; sourceTree = "<group>"; };
		D617DCA11F67B81100DB6FEB /* SPConsts.h */ = {isa = PBXFileReference; fileEncoding = 4; lastKnownFileType = sourcecode.c.h; path = SPConsts.h; sourceTree = "<group>"; };
		D617DCA21F67B81100DB6FEB /* SPConsts.m */ = {isa = PBXFileReference; fileEncoding = 4; lastKnownFileType = sourcecode.c.objc; path = SPConsts.m; sourceTree = "<group>"; };
		D61884D41F657A6C0027F119 /* HYSmartPlus.pch */ = {isa = PBXFileReference; lastKnownFileType = sourcecode.c.h; path = HYSmartPlus.pch; sourceTree = "<group>"; };
		D61C45981F711BF7008B950A /* SPHomeTool.h */ = {isa = PBXFileReference; fileEncoding = 4; lastKnownFileType = sourcecode.c.h; path = SPHomeTool.h; sourceTree = "<group>"; };
		D61C45991F711BF7008B950A /* SPHomeTool.m */ = {isa = PBXFileReference; fileEncoding = 4; lastKnownFileType = sourcecode.c.objc; path = SPHomeTool.m; sourceTree = "<group>"; };
		D61C459B1F711C5D008B950A /* SPSliderParam.h */ = {isa = PBXFileReference; fileEncoding = 4; lastKnownFileType = sourcecode.c.h; name = SPSliderParam.h; path = ../SPSliderParam.h; sourceTree = "<group>"; };
		D61C459C1F711C5D008B950A /* SPSliderParam.m */ = {isa = PBXFileReference; fileEncoding = 4; lastKnownFileType = sourcecode.c.objc; name = SPSliderParam.m; path = ../SPSliderParam.m; sourceTree = "<group>"; };
		D626C2451FC51F1500FFD736 /* SPExceedApplianceCell.h */ = {isa = PBXFileReference; lastKnownFileType = sourcecode.c.h; path = SPExceedApplianceCell.h; sourceTree = "<group>"; };
		D626C2461FC51F1500FFD736 /* SPExceedApplianceCell.m */ = {isa = PBXFileReference; lastKnownFileType = sourcecode.c.objc; path = SPExceedApplianceCell.m; sourceTree = "<group>"; };
		D626C2481FC541C900FFD736 /* SPGoodsHandheldCell.h */ = {isa = PBXFileReference; lastKnownFileType = sourcecode.c.h; path = SPGoodsHandheldCell.h; sourceTree = "<group>"; };
		D626C2491FC541C900FFD736 /* SPGoodsHandheldCell.m */ = {isa = PBXFileReference; lastKnownFileType = sourcecode.c.objc; path = SPGoodsHandheldCell.m; sourceTree = "<group>"; };
		D626C24B1FC54A2900FFD736 /* SPScrollAdFootView.h */ = {isa = PBXFileReference; lastKnownFileType = sourcecode.c.h; path = SPScrollAdFootView.h; sourceTree = "<group>"; };
		D626C24C1FC54A2900FFD736 /* SPScrollAdFootView.m */ = {isa = PBXFileReference; lastKnownFileType = sourcecode.c.objc; path = SPScrollAdFootView.m; sourceTree = "<group>"; };
		D626C24E1FC5534E00FFD736 /* SPGoodsRecommendHeadView.h */ = {isa = PBXFileReference; lastKnownFileType = sourcecode.c.h; path = SPGoodsRecommendHeadView.h; sourceTree = "<group>"; };
		D626C24F1FC5534E00FFD736 /* SPGoodsRecommendHeadView.m */ = {isa = PBXFileReference; lastKnownFileType = sourcecode.c.objc; path = SPGoodsRecommendHeadView.m; sourceTree = "<group>"; };
		D626C2511FC55ACD00FFD736 /* SPLIRLButton.h */ = {isa = PBXFileReference; lastKnownFileType = sourcecode.c.h; path = SPLIRLButton.h; sourceTree = "<group>"; };
		D626C2521FC55ACD00FFD736 /* SPLIRLButton.m */ = {isa = PBXFileReference; lastKnownFileType = sourcecode.c.objc; path = SPLIRLButton.m; sourceTree = "<group>"; };
		D626C2541FC5742D00FFD736 /* HomeHighGoods.plist */ = {isa = PBXFileReference; fileEncoding = 4; lastKnownFileType = text.plist.xml; path = HomeHighGoods.plist; sourceTree = "<group>"; };
		D626C2561FC5750600FFD736 /* SPYouLikeHeadView.h */ = {isa = PBXFileReference; lastKnownFileType = sourcecode.c.h; path = SPYouLikeHeadView.h; sourceTree = "<group>"; };
		D626C2571FC5750600FFD736 /* SPYouLikeHeadView.m */ = {isa = PBXFileReference; lastKnownFileType = sourcecode.c.objc; path = SPYouLikeHeadView.m; sourceTree = "<group>"; };
		D626C2591FC577D700FFD736 /* SPGoodsYouLikeCell.h */ = {isa = PBXFileReference; lastKnownFileType = sourcecode.c.h; path = SPGoodsYouLikeCell.h; sourceTree = "<group>"; };
		D626C25A1FC577D700FFD736 /* SPGoodsYouLikeCell.m */ = {isa = PBXFileReference; lastKnownFileType = sourcecode.c.objc; path = SPGoodsYouLikeCell.m; sourceTree = "<group>"; };
		D62943591F692BE2000287FF /* SPHttpTool.h */ = {isa = PBXFileReference; fileEncoding = 4; lastKnownFileType = sourcecode.c.h; path = SPHttpTool.h; sourceTree = "<group>"; };
		D629435A1F692BE2000287FF /* SPHttpTool.m */ = {isa = PBXFileReference; fileEncoding = 4; lastKnownFileType = sourcecode.c.objc; path = SPHttpTool.m; sourceTree = "<group>"; };
		D63CDBCE1FBD95CD009A607C /* SPViewController.h */ = {isa = PBXFileReference; lastKnownFileType = sourcecode.c.h; path = SPViewController.h; sourceTree = "<group>"; };
		D63CDBCF1FBD95CD009A607C /* SPViewController.m */ = {isa = PBXFileReference; lastKnownFileType = sourcecode.c.objc; path = SPViewController.m; sourceTree = "<group>"; };
		D69B14611F67E91A00CB040A /* SPSlideshowHeadView.h */ = {isa = PBXFileReference; fileEncoding = 4; lastKnownFileType = sourcecode.c.h; path = SPSlideshowHeadView.h; sourceTree = "<group>"; };
		D69B14621F67E91A00CB040A /* SPSlideshowHeadView.m */ = {isa = PBXFileReference; fileEncoding = 4; lastKnownFileType = sourcecode.c.objc; path = SPSlideshowHeadView.m; sourceTree = "<group>"; };
		D69B14651F67EA6400CB040A /* UIView+SPExtension.h */ = {isa = PBXFileReference; fileEncoding = 4; lastKnownFileType = sourcecode.c.h; path = "UIView+SPExtension.h"; sourceTree = "<group>"; };
		D69B14661F67EA6400CB040A /* UIView+SPExtension.m */ = {isa = PBXFileReference; fileEncoding = 4; lastKnownFileType = sourcecode.c.objc; path = "UIView+SPExtension.m"; sourceTree = "<group>"; };
		D6F0F45E1FB9746500849796 /* UIBarButtonItem+SPBarButtonItem.h */ = {isa = PBXFileReference; lastKnownFileType = sourcecode.c.h; path = "UIBarButtonItem+SPBarButtonItem.h"; sourceTree = "<group>"; };
		D6F0F45F1FB9746500849796 /* UIBarButtonItem+SPBarButtonItem.m */ = {isa = PBXFileReference; lastKnownFileType = sourcecode.c.objc; path = "UIBarButtonItem+SPBarButtonItem.m"; sourceTree = "<group>"; };
		D6F0F4611FB9832000849796 /* SPNavSearchBarView.h */ = {isa = PBXFileReference; lastKnownFileType = sourcecode.c.h; path = SPNavSearchBarView.h; sourceTree = "<group>"; };
		D6F0F4621FB9832000849796 /* SPNavSearchBarView.m */ = {isa = PBXFileReference; lastKnownFileType = sourcecode.c.objc; path = SPNavSearchBarView.m; sourceTree = "<group>"; };
		E18D2825A90F3277B4BBB90B /* Pods-HYSmartPlus.debug.xcconfig */ = {isa = PBXFileReference; includeInIndex = 1; lastKnownFileType = text.xcconfig; name = "Pods-HYSmartPlus.debug.xcconfig"; path = "Pods/Target Support Files/Pods-HYSmartPlus/Pods-HYSmartPlus.debug.xcconfig"; sourceTree = "<group>"; };
/* End PBXFileReference section */

/* Begin PBXFrameworksBuildPhase section */
		D613BE141F6193110090316D /* Frameworks */ = {
			isa = PBXFrameworksBuildPhase;
			buildActionMask = 2147483647;
			files = (
				AD0AB7593694FC2B34F489A2 /* libPods-HYSmartPlus.a in Frameworks */,
			);
			runOnlyForDeploymentPostprocessing = 0;
		};
/* End PBXFrameworksBuildPhase section */

/* Begin PBXGroup section */
		10E564AF0253CBD3A3F1466A /* Frameworks */ = {
			isa = PBXGroup;
			children = (
				2E516427D7835A9299751D20 /* libPods-HYSmartPlus.a */,
			);
			name = Frameworks;
			sourceTree = "<group>";
		};
		53780FDBACA2DD9B264D4AE5 /* Pods */ = {
			isa = PBXGroup;
			children = (
				E18D2825A90F3277B4BBB90B /* Pods-HYSmartPlus.debug.xcconfig */,
				3D651C6E73B5442BE15A02C2 /* Pods-HYSmartPlus.release.xcconfig */,
			);
			name = Pods;
			sourceTree = "<group>";
		};
		D60A691E1FC2B0D5007BA4F6 /* Resource(资源) */ = {
			isa = PBXGroup;
			children = (
				D60A691F1FC2B15A007BA4F6 /* Plist */,
			);
			path = "Resource(资源)";
			sourceTree = "<group>";
		};
		D60A691F1FC2B15A007BA4F6 /* Plist */ = {
			isa = PBXGroup;
			children = (
				D60A69201FC2B17F007BA4F6 /* 首页Plist */,
				D60EC4CF1FC6975C00F78F31 /* 分类Plist */,
			);
			path = Plist;
			sourceTree = "<group>";
		};
		D60A69201FC2B17F007BA4F6 /* 首页Plist */ = {
			isa = PBXGroup;
			children = (
				D626C2541FC5742D00FFD736 /* HomeHighGoods.plist */,
				D614E8991FC4250F000C8F85 /* CountDownShop.plist */,
				D60A69211FC2B18E007BA4F6 /* GoodsGrid.plist */,
			);
			path = "首页Plist";
			sourceTree = "<group>";
		};
		D60A69231FC2B2AA007BA4F6 /* Cell */ = {
			isa = PBXGroup;
			children = (
				D60A69241FC2B2DD007BA4F6 /* SPGoodsGridCell.h */,
				D60A69251FC2B2DD007BA4F6 /* SPGoodsGridCell.m */,
				D614E8901FC41577000C8F85 /* SPGoodsCountDownCell.h */,
				D614E8911FC41577000C8F85 /* SPGoodsCountDownCell.m */,
				D614E8961FC41BD0000C8F85 /* SPGoodsSurplusCell.h */,
				D614E8971FC41BD0000C8F85 /* SPGoodsSurplusCell.m */,
				D626C2451FC51F1500FFD736 /* SPExceedApplianceCell.h */,
				D626C2461FC51F1500FFD736 /* SPExceedApplianceCell.m */,
				D626C2481FC541C900FFD736 /* SPGoodsHandheldCell.h */,
				D626C2491FC541C900FFD736 /* SPGoodsHandheldCell.m */,
				D626C2591FC577D700FFD736 /* SPGoodsYouLikeCell.h */,
				D626C25A1FC577D700FFD736 /* SPGoodsYouLikeCell.m */,
			);
			path = Cell;
			sourceTree = "<group>";
		};
		D60EC4BE1FC66DAF00F78F31 /* Tools(工具) */ = {
			isa = PBXGroup;
			children = (
				D60EC4C01FC66DE700F78F31 /* SPSpeedy.h */,
				D60EC4BF1FC66DE700F78F31 /* SPSpeedy.m */,
			);
			path = "Tools(工具)";
			sourceTree = "<group>";
		};
		D60EC4C51FC6770D00F78F31 /* Classify(分类) */ = {
			isa = PBXGroup;
			children = (
				D60EC4C81FC68BF600F78F31 /* Model */,
				D60EC4C61FC68BF600F78F31 /* View */,
				D60EC4C71FC68BF600F78F31 /* Controller */,
			);
			path = "Classify(分类)";
			sourceTree = "<group>";
		};
		D60EC4C61FC68BF600F78F31 /* View */ = {
			isa = PBXGroup;
			children = (
				D60EC4D41FC697FC00F78F31 /* CollectionView */,
				D60EC4D21FC697FB00F78F31 /* CustionView */,
				D60EC4D31FC697FB00F78F31 /* TableViewCell */,
			);
			path = View;
			sourceTree = "<group>";
		};
		D60EC4C71FC68BF600F78F31 /* Controller */ = {
			isa = PBXGroup;
			children = (
				D60EC4C91FC68C4900F78F31 /* SPCommodityViewController.h */,
				D60EC4CA1FC68C4900F78F31 /* SPCommodityViewController.m */,
			);
			path = Controller;
			sourceTree = "<group>";
		};
		D60EC4C81FC68BF600F78F31 /* Model */ = {
			isa = PBXGroup;
			children = (
				D60EC4CC1FC695D400F78F31 /* SPClassGoodsItem.h */,
				D60EC4CD1FC695D400F78F31 /* SPClassGoodsItem.m */,
				D60EC4DB1FC6A98600F78F31 /* SPClassSubItem.h */,
				D60EC4DC1FC6A98600F78F31 /* SPClassSubItem.m */,
				D60EC4D81FC6A95300F78F31 /* SPClassMainItem.h */,
				D60EC4D91FC6A95300F78F31 /* SPClassMainItem.m */,
			);
			path = Model;
			sourceTree = "<group>";
		};
		D60EC4CF1FC6975C00F78F31 /* 分类Plist */ = {
			isa = PBXGroup;
			children = (
				D60EC4EC1FC6C1BB00F78F31 /* ClassiftyGoods02.plist */,
				D60EC4EB1FC6C1BB00F78F31 /* ClassiftyGoods03.plist */,
				D60EC4DE1FC6ACF300F78F31 /* ClassiftyGoods01.plist */,
				D60EC4D01FC6979400F78F31 /* ClassifyTitles.plist */,
			);
			path = "分类Plist";
			sourceTree = "<group>";
		};
		D60EC4D21FC697FB00F78F31 /* CustionView */ = {
			isa = PBXGroup;
			children = (
			);
			path = CustionView;
			sourceTree = "<group>";
		};
		D60EC4D31FC697FB00F78F31 /* TableViewCell */ = {
			isa = PBXGroup;
			children = (
				D60EC4D51FC6981900F78F31 /* SPClassCategoryCell.h */,
				D60EC4D61FC6981900F78F31 /* SPClassCategoryCell.m */,
			);
			path = TableViewCell;
			sourceTree = "<group>";
		};
		D60EC4D41FC697FC00F78F31 /* CollectionView */ = {
			isa = PBXGroup;
			children = (
				D60EC4E01FC6AEED00F78F31 /* Header */,
				D60EC4E11FC6AEED00F78F31 /* Cell */,
			);
			path = CollectionView;
			sourceTree = "<group>";
		};
		D60EC4E01FC6AEED00F78F31 /* Header */ = {
			isa = PBXGroup;
			children = (
				D60EC4E21FC6AF1300F78F31 /* SPBrandSortHeadView.h */,
				D60EC4E31FC6AF1300F78F31 /* SPBrandSortHeadView.m */,
			);
			path = Header;
			sourceTree = "<group>";
		};
		D60EC4E11FC6AEED00F78F31 /* Cell */ = {
			isa = PBXGroup;
			children = (
				D60EC4E51FC6B49A00F78F31 /* SPGoodsSortCell.h */,
				D60EC4E61FC6B49A00F78F31 /* SPGoodsSortCell.m */,
				D60EC4E81FC6BC8600F78F31 /* SPBrandSortCell.h */,
				D60EC4E91FC6BC8600F78F31 /* SPBrandSortCell.m */,
			);
			path = Cell;
			sourceTree = "<group>";
		};
		D61165F31F6BBCC8008A5199 /* Model */ = {
			isa = PBXGroup;
			children = (
				D61165F41F6BBCE6008A5199 /* SPBaseParam.h */,
				D61165F51F6BBCE6008A5199 /* SPBaseParam.m */,
			);
			path = Model;
			sourceTree = "<group>";
		};
		D613BE0E1F6193110090316D = {
			isa = PBXGroup;
			children = (
				D613BE191F6193110090316D /* HYSmartPlus */,
				D613BE181F6193110090316D /* Products */,
				53780FDBACA2DD9B264D4AE5 /* Pods */,
				10E564AF0253CBD3A3F1466A /* Frameworks */,
			);
			sourceTree = "<group>";
		};
		D613BE181F6193110090316D /* Products */ = {
			isa = PBXGroup;
			children = (
				D613BE171F6193110090316D /* HYSmartPlus.app */,
			);
			name = Products;
			sourceTree = "<group>";
		};
		D613BE191F6193110090316D /* HYSmartPlus */ = {
			isa = PBXGroup;
			children = (
				D61884C91F64D4B20027F119 /* Classes */,
				D613BE1A1F6193110090316D /* Supporting Files */,
			);
			path = HYSmartPlus;
			sourceTree = "<group>";
		};
		D613BE1A1F6193110090316D /* Supporting Files */ = {
			isa = PBXGroup;
			children = (
				D613BE231F6193110090316D /* Main.storyboard */,
				D613BE261F6193110090316D /* Images.xcassets */,
				D613BE2B1F6193110090316D /* Info.plist */,
				D613BE281F6193110090316D /* LaunchScreen.storyboard */,
				D61884D41F657A6C0027F119 /* HYSmartPlus.pch */,
			);
			name = "Supporting Files";
			sourceTree = "<group>";
		};
		D613E7B21F6621E600D62B89 /* Home(首页) */ = {
			isa = PBXGroup;
			children = (
				D61C45971F711B9E008B950A /* Tool */,
				D617DC9C1F67A74000DB6FEB /* Model */,
				D69B145E1F67E8CF00CB040A /* View */,
				D617DC9B1F67A74000DB6FEB /* Controller */,
			);
			path = "Home(首页)";
			sourceTree = "<group>";
		};
		D613E7B51F6621E600D62B89 /* Me(我) */ = {
			isa = PBXGroup;
			children = (
				D613E7BE1F66222600D62B89 /* Login(登录) */,
			);
			path = "Me(我)";
			sourceTree = "<group>";
		};
		D613E7B61F6621E600D62B89 /* Other(其他) */ = {
			isa = PBXGroup;
			children = (
				D61165F31F6BBCC8008A5199 /* Model */,
				D613E7CC1F6651F500D62B89 /* Tool */,
				D613E7B71F6621E600D62B89 /* main.m */,
				D613E7B81F6621E600D62B89 /* SPAppDelegate.h */,
				D613E7B91F6621E600D62B89 /* SPAppDelegate.m */,
				D613E7BA1F6621E600D62B89 /* SPCommon.h */,
			);
			path = "Other(其他)";
			sourceTree = "<group>";
		};
		D613E7BE1F66222600D62B89 /* Login(登录) */ = {
			isa = PBXGroup;
			children = (
				D613E7BF1F66226F00D62B89 /* Controller */,
				D613E7C01F66226F00D62B89 /* Model */,
				D613E7C11F66226F00D62B89 /* Tool */,
				D613E7C21F66226F00D62B89 /* View */,
			);
			path = "Login(登录)";
			sourceTree = "<group>";
		};
		D613E7BF1F66226F00D62B89 /* Controller */ = {
			isa = PBXGroup;
			children = (
			);
			path = Controller;
			sourceTree = "<group>";
		};
		D613E7C01F66226F00D62B89 /* Model */ = {
			isa = PBXGroup;
			children = (
				D613E7C31F66229700D62B89 /* SPAccount.h */,
				D613E7C41F66229700D62B89 /* SPAccount.m */,
			);
			path = Model;
			sourceTree = "<group>";
		};
		D613E7C11F66226F00D62B89 /* Tool */ = {
			isa = PBXGroup;
			children = (
				D613E7C61F662F3700D62B89 /* SPAccountTool.h */,
				D613E7C71F662F3700D62B89 /* SPAccountTool.m */,
			);
			path = Tool;
			sourceTree = "<group>";
		};
		D613E7C21F66226F00D62B89 /* View */ = {
			isa = PBXGroup;
			children = (
			);
			path = View;
			sourceTree = "<group>";
		};
		D613E7CC1F6651F500D62B89 /* Tool */ = {
			isa = PBXGroup;
			children = (
				D613E7CD1F66522600D62B89 /* SPSmartPlusTool.h */,
				D613E7CE1F66522600D62B89 /* SPSmartPlusTool.m */,
				D62943591F692BE2000287FF /* SPHttpTool.h */,
				D629435A1F692BE2000287FF /* SPHttpTool.m */,
			);
			path = Tool;
			sourceTree = "<group>";
		};
		D613E7D01F66559E00D62B89 /* Main(主要) */ = {
			isa = PBXGroup;
			children = (
				D613E7D21F6655E900D62B89 /* View */,
				D613E7D11F6655E900D62B89 /* Controller */,
			);
			path = "Main(主要)";
			sourceTree = "<group>";
		};
		D613E7D11F6655E900D62B89 /* Controller */ = {
			isa = PBXGroup;
			children = (
				D613E7D31F66561800D62B89 /* SPTabBarController.h */,
				D613E7D41F66561800D62B89 /* SPTabBarController.m */,
				D613E7DE1F666D2D00D62B89 /* SPNavigationController.h */,
				D613E7DF1F666D2D00D62B89 /* SPNavigationController.m */,
			);
			path = Controller;
			sourceTree = "<group>";
		};
		D613E7D21F6655E900D62B89 /* View */ = {
			isa = PBXGroup;
			children = (
				D613E7D61F66579C00D62B89 /* SPTabBar.h */,
				D613E7D71F66579C00D62B89 /* SPTabBar.m */,
			);
			path = View;
			sourceTree = "<group>";
		};
		D613E7D91F66649C00D62B89 /* Expand(扩展) */ = {
			isa = PBXGroup;
			children = (
				D69B14641F67E9F800CB040A /* Category(分类) */,
				D617DCA01F67B7F100DB6FEB /* Const(常量) */,
				D613E7DA1F6664D300D62B89 /* Headers(头文件) */,
				D613E7DC1F66661700D62B89 /* Macros(宏) */,
				D60EC4BE1FC66DAF00F78F31 /* Tools(工具) */,
			);
			path = "Expand(扩展)";
			sourceTree = "<group>";
		};
		D613E7DA1F6664D300D62B89 /* Headers(头文件) */ = {
			isa = PBXGroup;
			children = (
				D613E7DB1F66651300D62B89 /* Headers.h */,
			);
			path = "Headers(头文件)";
			sourceTree = "<group>";
		};
		D613E7DC1F66661700D62B89 /* Macros(宏) */ = {
			isa = PBXGroup;
			children = (
				D613E7DD1F66663800D62B89 /* Macros.h */,
			);
			path = "Macros(宏)";
			sourceTree = "<group>";
		};
		D614E8801FC3B688000C8F85 /* Foot */ = {
			isa = PBXGroup;
			children = (
				D614E8811FC3B6BF000C8F85 /* SPTopLineFootView.h */,
				D614E8821FC3B6BF000C8F85 /* SPTopLineFootView.m */,
				D626C24B1FC54A2900FFD736 /* SPScrollAdFootView.h */,
				D626C24C1FC54A2900FFD736 /* SPScrollAdFootView.m */,
				D60EC4C21FC6737B00F78F31 /* SPOverFootView.h */,
				D60EC4C31FC6737B00F78F31 /* SPOverFootView.m */,
			);
			path = Foot;
			sourceTree = "<group>";
		};
		D6177DCB1F714D4F00667BE1 /* HomeSliders */ = {
			isa = PBXGroup;
			children = (
				D61C459B1F711C5D008B950A /* SPSliderParam.h */,
				D61C459C1F711C5D008B950A /* SPSliderParam.m */,
				D6177DCC1F714D9D00667BE1 /* SPSliderResult.h */,
				D6177DCD1F714D9D00667BE1 /* SPSliderResult.m */,
			);
			path = HomeSliders;
			sourceTree = "<group>";
		};
		D617DC9B1F67A74000DB6FEB /* Controller */ = {
			isa = PBXGroup;
			children = (
				D617DC9D1F67A7AC00DB6FEB /* SPHandPickViewController.h */,
				D617DC9E1F67A7AC00DB6FEB /* SPHandPickViewController.m */,
				D63CDBCE1FBD95CD009A607C /* SPViewController.h */,
				D63CDBCF1FBD95CD009A607C /* SPViewController.m */,
			);
			path = Controller;
			sourceTree = "<group>";
		};
		D617DC9C1F67A74000DB6FEB /* Model */ = {
			isa = PBXGroup;
			children = (
				D6177DCB1F714D4F00667BE1 /* HomeSliders */,
				D60A691B1FC298CC007BA4F6 /* SPGridItem.h */,
				D60A691C1FC298CC007BA4F6 /* SPGridItem.m */,
				D614E8931FC418AD000C8F85 /* SPRecommendItem.h */,
				D614E8941FC418AD000C8F85 /* SPRecommendItem.m */,
			);
			path = Model;
			sourceTree = "<group>";
		};
		D617DCA01F67B7F100DB6FEB /* Const(常量) */ = {
			isa = PBXGroup;
			children = (
				D617DCA11F67B81100DB6FEB /* SPConsts.h */,
				D617DCA21F67B81100DB6FEB /* SPConsts.m */,
			);
			path = "Const(常量)";
			sourceTree = "<group>";
		};
		D61884C91F64D4B20027F119 /* Classes */ = {
			isa = PBXGroup;
			children = (
				D613E7D01F66559E00D62B89 /* Main(主要) */,
				D613E7B21F6621E600D62B89 /* Home(首页) */,
				D60EC4C51FC6770D00F78F31 /* Classify(分类) */,
				D613E7B51F6621E600D62B89 /* Me(我) */,
				D613E7D91F66649C00D62B89 /* Expand(扩展) */,
				D60A691E1FC2B0D5007BA4F6 /* Resource(资源) */,
				D613E7B61F6621E600D62B89 /* Other(其他) */,
			);
			path = Classes;
			sourceTree = "<group>";
		};
		D61C45971F711B9E008B950A /* Tool */ = {
			isa = PBXGroup;
			children = (
				D61C45981F711BF7008B950A /* SPHomeTool.h */,
				D61C45991F711BF7008B950A /* SPHomeTool.m */,
			);
			name = Tool;
			sourceTree = "<group>";
		};
		D69B145E1F67E8CF00CB040A /* View */ = {
			isa = PBXGroup;
			children = (
				D69B145F1F67E8CF00CB040A /* CollectionView */,
				D6F0F4611FB9832000849796 /* SPNavSearchBarView.h */,
				D6F0F4621FB9832000849796 /* SPNavSearchBarView.m */,
				D614E8871FC3B82D000C8F85 /* SPNumericalScrollView.h */,
				D614E8881FC3B82D000C8F85 /* SPNumericalScrollView.m */,
				D614E88D1FC40753000C8F85 /* SPZuoWenRightButton.h */,
				D614E88E1FC40753000C8F85 /* SPZuoWenRightButton.m */,
				D626C2511FC55ACD00FFD736 /* SPLIRLButton.h */,
				D626C2521FC55ACD00FFD736 /* SPLIRLButton.m */,
			);
			path = View;
			sourceTree = "<group>";
		};
		D69B145F1F67E8CF00CB040A /* CollectionView */ = {
			isa = PBXGroup;
			children = (
				D60A69231FC2B2AA007BA4F6 /* Cell */,
				D614E8801FC3B688000C8F85 /* Foot */,
				D69B14601F67E8CF00CB040A /* Head */,
			);
			path = CollectionView;
			sourceTree = "<group>";
		};
		D69B14601F67E8CF00CB040A /* Head */ = {
			isa = PBXGroup;
			children = (
				D69B14611F67E91A00CB040A /* SPSlideshowHeadView.h */,
				D69B14621F67E91A00CB040A /* SPSlideshowHeadView.m */,
				D614E88A1FC40519000C8F85 /* SPCountDownHeadView.h */,
				D614E88B1FC40519000C8F85 /* SPCountDownHeadView.m */,
				D626C24E1FC5534E00FFD736 /* SPGoodsRecommendHeadView.h */,
				D626C24F1FC5534E00FFD736 /* SPGoodsRecommendHeadView.m */,
				D626C2561FC5750600FFD736 /* SPYouLikeHeadView.h */,
				D626C2571FC5750600FFD736 /* SPYouLikeHeadView.m */,
			);
			path = Head;
			sourceTree = "<group>";
		};
		D69B14641F67E9F800CB040A /* Category(分类) */ = {
			isa = PBXGroup;
			children = (
				D69B14651F67EA6400CB040A /* UIView+SPExtension.h */,
				D69B14661F67EA6400CB040A /* UIView+SPExtension.m */,
				D6F0F45E1FB9746500849796 /* UIBarButtonItem+SPBarButtonItem.h */,
				D6F0F45F1FB9746500849796 /* UIBarButtonItem+SPBarButtonItem.m */,
				D61405FB1FBC8C6800E50627 /* UIImage+SPExtension.h */,
				D61405FC1FBC8C6800E50627 /* UIImage+SPExtension.m */,
			);
			path = "Category(分类)";
			sourceTree = "<group>";
		};
/* End PBXGroup section */

/* Begin PBXNativeTarget section */
		D613BE161F6193110090316D /* HYSmartPlus */ = {
			isa = PBXNativeTarget;
			buildConfigurationList = D613BE2E1F6193110090316D /* Build configuration list for PBXNativeTarget "HYSmartPlus" */;
			buildPhases = (
				DE8BB966955DB51284CE5D86 /* [CP] Check Pods Manifest.lock */,
				D613BE131F6193110090316D /* Sources */,
				D613BE141F6193110090316D /* Frameworks */,
				D613BE151F6193110090316D /* Resources */,
				E70C493B80368955319CEB30 /* [CP] Embed Pods Frameworks */,
				52CC25CD4F8809DB0BA10B33 /* [CP] Copy Pods Resources */,
			);
			buildRules = (
			);
			dependencies = (
			);
			name = HYSmartPlus;
			productName = HYSmartPlus;
			productReference = D613BE171F6193110090316D /* HYSmartPlus.app */;
			productType = "com.apple.product-type.application";
		};
/* End PBXNativeTarget section */

/* Begin PBXProject section */
		D613BE0F1F6193110090316D /* Project object */ = {
			isa = PBXProject;
			attributes = {
				CLASSPREFIX = SP;
				LastUpgradeCheck = 0830;
				ORGANIZATIONNAME = hongyan;
				TargetAttributes = {
					D613BE161F6193110090316D = {
						CreatedOnToolsVersion = 8.3.2;
						DevelopmentTeam = 8Y6S2469TB;
						ProvisioningStyle = Automatic;
					};
				};
			};
			buildConfigurationList = D613BE121F6193110090316D /* Build configuration list for PBXProject "HYSmartPlus" */;
			compatibilityVersion = "Xcode 3.2";
			developmentRegion = English;
			hasScannedForEncodings = 0;
			knownRegions = (
				en,
				Base,
			);
			mainGroup = D613BE0E1F6193110090316D;
			productRefGroup = D613BE181F6193110090316D /* Products */;
			projectDirPath = "";
			projectRoot = "";
			targets = (
				D613BE161F6193110090316D /* HYSmartPlus */,
			);
		};
/* End PBXProject section */

/* Begin PBXResourcesBuildPhase section */
		D613BE151F6193110090316D /* Resources */ = {
			isa = PBXResourcesBuildPhase;
			buildActionMask = 2147483647;
			files = (
				D613BE2A1F6193110090316D /* LaunchScreen.storyboard in Resources */,
				D60EC4D11FC6979500F78F31 /* ClassifyTitles.plist in Resources */,
				D60EC4EE1FC6C1BB00F78F31 /* ClassiftyGoods02.plist in Resources */,
				D613BE271F6193110090316D /* Images.xcassets in Resources */,
				D626C2551FC5742D00FFD736 /* HomeHighGoods.plist in Resources */,
				D614E89A1FC42510000C8F85 /* CountDownShop.plist in Resources */,
				D613BE251F6193110090316D /* Main.storyboard in Resources */,
				D60A69221FC2B18E007BA4F6 /* GoodsGrid.plist in Resources */,
				D60EC4ED1FC6C1BB00F78F31 /* ClassiftyGoods03.plist in Resources */,
				D60EC4DF1FC6ACF300F78F31 /* ClassiftyGoods01.plist in Resources */,
			);
			runOnlyForDeploymentPostprocessing = 0;
		};
/* End PBXResourcesBuildPhase section */

/* Begin PBXShellScriptBuildPhase section */
		52CC25CD4F8809DB0BA10B33 /* [CP] Copy Pods Resources */ = {
			isa = PBXShellScriptBuildPhase;
			buildActionMask = 2147483647;
			files = (
			);
			inputPaths = (
			);
			name = "[CP] Copy Pods Resources";
			outputPaths = (
			);
			runOnlyForDeploymentPostprocessing = 0;
			shellPath = /bin/sh;
			shellScript = "\"${SRCROOT}/Pods/Target Support Files/Pods-HYSmartPlus/Pods-HYSmartPlus-resources.sh\"\n";
			showEnvVarsInLog = 0;
		};
		DE8BB966955DB51284CE5D86 /* [CP] Check Pods Manifest.lock */ = {
			isa = PBXShellScriptBuildPhase;
			buildActionMask = 2147483647;
			files = (
			);
			inputPaths = (
			);
			name = "[CP] Check Pods Manifest.lock";
			outputPaths = (
			);
			runOnlyForDeploymentPostprocessing = 0;
			shellPath = /bin/sh;
			shellScript = "diff \"${PODS_PODFILE_DIR_PATH}/Podfile.lock\" \"${PODS_ROOT}/Manifest.lock\" > /dev/null\nif [ $? != 0 ] ; then\n    # print error to STDERR\n    echo \"error: The sandbox is not in sync with the Podfile.lock. Run 'pod install' or update your CocoaPods installation.\" >&2\n    exit 1\nfi\n";
			showEnvVarsInLog = 0;
		};
		E70C493B80368955319CEB30 /* [CP] Embed Pods Frameworks */ = {
			isa = PBXShellScriptBuildPhase;
			buildActionMask = 2147483647;
			files = (
			);
			inputPaths = (
			);
			name = "[CP] Embed Pods Frameworks";
			outputPaths = (
			);
			runOnlyForDeploymentPostprocessing = 0;
			shellPath = /bin/sh;
			shellScript = "\"${SRCROOT}/Pods/Target Support Files/Pods-HYSmartPlus/Pods-HYSmartPlus-frameworks.sh\"\n";
			showEnvVarsInLog = 0;
		};
/* End PBXShellScriptBuildPhase section */

/* Begin PBXSourcesBuildPhase section */
		D613BE131F6193110090316D /* Sources */ = {
			isa = PBXSourcesBuildPhase;
			buildActionMask = 2147483647;
			files = (
				D617DC9F1F67A7AC00DB6FEB /* SPHandPickViewController.m in Sources */,
				D614E88C1FC40519000C8F85 /* SPCountDownHeadView.m in Sources */,
				D614E8891FC3B82D000C8F85 /* SPNumericalScrollView.m in Sources */,
				D61C459D1F711C5D008B950A /* SPSliderParam.m in Sources */,
				D613E7BC1F6621E600D62B89 /* main.m in Sources */,
				D614E8921FC41577000C8F85 /* SPGoodsCountDownCell.m in Sources */,
				D60EC4C11FC66DE700F78F31 /* SPSpeedy.m in Sources */,
				D613E7BD1F6621E600D62B89 /* SPAppDelegate.m in Sources */,
				D626C24A1FC541C900FFD736 /* SPGoodsHandheldCell.m in Sources */,
				D6177DCE1F714D9D00667BE1 /* SPSliderResult.m in Sources */,
				D69B14671F67EA6400CB040A /* UIView+SPExtension.m in Sources */,
				D60EC4E71FC6B49A00F78F31 /* SPGoodsSortCell.m in Sources */,
				D613E7D51F66561800D62B89 /* SPTabBarController.m in Sources */,
				D6F0F4631FB9832000849796 /* SPNavSearchBarView.m in Sources */,
				D60EC4D71FC6981900F78F31 /* SPClassCategoryCell.m in Sources */,
				D617DCA31F67B81100DB6FEB /* SPConsts.m in Sources */,
				D614E8951FC418AD000C8F85 /* SPRecommendItem.m in Sources */,
				D60A69261FC2B2DD007BA4F6 /* SPGoodsGridCell.m in Sources */,
				D60EC4EA1FC6BC8600F78F31 /* SPBrandSortCell.m in Sources */,
				D626C2471FC51F1500FFD736 /* SPExceedApplianceCell.m in Sources */,
				D613E7CF1F66522600D62B89 /* SPSmartPlusTool.m in Sources */,
				D60EC4C41FC6737B00F78F31 /* SPOverFootView.m in Sources */,
				D626C2501FC5534E00FFD736 /* SPGoodsRecommendHeadView.m in Sources */,
				D63CDBD01FBD95CD009A607C /* SPViewController.m in Sources */,
				D61165F61F6BBCE6008A5199 /* SPBaseParam.m in Sources */,
				D61C459A1F711BF7008B950A /* SPHomeTool.m in Sources */,
				D61405FD1FBC8C6800E50627 /* UIImage+SPExtension.m in Sources */,
				D614E88F1FC40753000C8F85 /* SPZuoWenRightButton.m in Sources */,
				D60EC4CE1FC695D400F78F31 /* SPClassGoodsItem.m in Sources */,
				D629435B1F692BE2000287FF /* SPHttpTool.m in Sources */,
				D626C2581FC5750600FFD736 /* SPYouLikeHeadView.m in Sources */,
				D60EC4E41FC6AF1300F78F31 /* SPBrandSortHeadView.m in Sources */,
				D60EC4DD1FC6A98600F78F31 /* SPClassSubItem.m in Sources */,
				D626C25B1FC577D700FFD736 /* SPGoodsYouLikeCell.m in Sources */,
				D60A691D1FC298CC007BA4F6 /* SPGridItem.m in Sources */,
				D60EC4DA1FC6A95300F78F31 /* SPClassMainItem.m in Sources */,
				D60EC4CB1FC68C4900F78F31 /* SPCommodityViewController.m in Sources */,
				D6F0F4601FB9746500849796 /* UIBarButtonItem+SPBarButtonItem.m in Sources */,
				D613E7D81F66579C00D62B89 /* SPTabBar.m in Sources */,
				D613E7C81F662F3700D62B89 /* SPAccountTool.m in Sources */,
				D626C2531FC55ACD00FFD736 /* SPLIRLButton.m in Sources */,
				D613E7C51F66229700D62B89 /* SPAccount.m in Sources */,
				D626C24D1FC54A2900FFD736 /* SPScrollAdFootView.m in Sources */,
				D614E8981FC41BD0000C8F85 /* SPGoodsSurplusCell.m in Sources */,
				D69B14631F67E91A00CB040A /* SPSlideshowHeadView.m in Sources */,
				D613E7E01F666D2D00D62B89 /* SPNavigationController.m in Sources */,
				D614E8831FC3B6BF000C8F85 /* SPTopLineFootView.m in Sources */,
			);
			runOnlyForDeploymentPostprocessing = 0;
		};
/* End PBXSourcesBuildPhase section */

/* Begin PBXVariantGroup section */
		D613BE231F6193110090316D /* Main.storyboard */ = {
			isa = PBXVariantGroup;
			children = (
				D613BE241F6193110090316D /* Base */,
			);
			name = Main.storyboard;
			sourceTree = "<group>";
		};
		D613BE281F6193110090316D /* LaunchScreen.storyboard */ = {
			isa = PBXVariantGroup;
			children = (
				D613BE291F6193110090316D /* Base */,
			);
			name = LaunchScreen.storyboard;
			sourceTree = "<group>";
		};
/* End PBXVariantGroup section */

/* Begin XCBuildConfiguration section */
		D613BE2C1F6193110090316D /* Debug */ = {
			isa = XCBuildConfiguration;
			buildSettings = {
				ALWAYS_SEARCH_USER_PATHS = NO;
				CLANG_ANALYZER_NONNULL = YES;
				CLANG_ANALYZER_NUMBER_OBJECT_CONVERSION = YES_AGGRESSIVE;
				CLANG_CXX_LANGUAGE_STANDARD = "gnu++0x";
				CLANG_CXX_LIBRARY = "libc++";
				CLANG_ENABLE_MODULES = YES;
				CLANG_ENABLE_OBJC_ARC = YES;
				CLANG_WARN_BOOL_CONVERSION = YES;
				CLANG_WARN_CONSTANT_CONVERSION = YES;
				CLANG_WARN_DIRECT_OBJC_ISA_USAGE = YES_ERROR;
				CLANG_WARN_DOCUMENTATION_COMMENTS = YES;
				CLANG_WARN_EMPTY_BODY = YES;
				CLANG_WARN_ENUM_CONVERSION = YES;
				CLANG_WARN_INFINITE_RECURSION = YES;
				CLANG_WARN_INT_CONVERSION = YES;
				CLANG_WARN_OBJC_ROOT_CLASS = YES_ERROR;
				CLANG_WARN_SUSPICIOUS_MOVE = YES;
				CLANG_WARN_UNREACHABLE_CODE = YES;
				CLANG_WARN__DUPLICATE_METHOD_MATCH = YES;
				"CODE_SIGN_IDENTITY[sdk=iphoneos*]" = "iPhone Developer";
				COPY_PHASE_STRIP = NO;
				DEBUG_INFORMATION_FORMAT = dwarf;
				ENABLE_STRICT_OBJC_MSGSEND = YES;
				ENABLE_TESTABILITY = YES;
				GCC_C_LANGUAGE_STANDARD = gnu99;
				GCC_DYNAMIC_NO_PIC = NO;
				GCC_NO_COMMON_BLOCKS = YES;
				GCC_OPTIMIZATION_LEVEL = 0;
				GCC_PREPROCESSOR_DEFINITIONS = (
					"DEBUG=1",
					"$(inherited)",
				);
				GCC_WARN_64_TO_32_BIT_CONVERSION = YES;
				GCC_WARN_ABOUT_RETURN_TYPE = YES_ERROR;
				GCC_WARN_UNDECLARED_SELECTOR = YES;
				GCC_WARN_UNINITIALIZED_AUTOS = YES_AGGRESSIVE;
				GCC_WARN_UNUSED_FUNCTION = YES;
				GCC_WARN_UNUSED_VARIABLE = YES;
				IPHONEOS_DEPLOYMENT_TARGET = 10.3;
				MTL_ENABLE_DEBUG_INFO = YES;
				ONLY_ACTIVE_ARCH = YES;
				SDKROOT = iphoneos;
			};
			name = Debug;
		};
		D613BE2D1F6193110090316D /* Release */ = {
			isa = XCBuildConfiguration;
			buildSettings = {
				ALWAYS_SEARCH_USER_PATHS = NO;
				CLANG_ANALYZER_NONNULL = YES;
				CLANG_ANALYZER_NUMBER_OBJECT_CONVERSION = YES_AGGRESSIVE;
				CLANG_CXX_LANGUAGE_STANDARD = "gnu++0x";
				CLANG_CXX_LIBRARY = "libc++";
				CLANG_ENABLE_MODULES = YES;
				CLANG_ENABLE_OBJC_ARC = YES;
				CLANG_WARN_BOOL_CONVERSION = YES;
				CLANG_WARN_CONSTANT_CONVERSION = YES;
				CLANG_WARN_DIRECT_OBJC_ISA_USAGE = YES_ERROR;
				CLANG_WARN_DOCUMENTATION_COMMENTS = YES;
				CLANG_WARN_EMPTY_BODY = YES;
				CLANG_WARN_ENUM_CONVERSION = YES;
				CLANG_WARN_INFINITE_RECURSION = YES;
				CLANG_WARN_INT_CONVERSION = YES;
				CLANG_WARN_OBJC_ROOT_CLASS = YES_ERROR;
				CLANG_WARN_SUSPICIOUS_MOVE = YES;
				CLANG_WARN_UNREACHABLE_CODE = YES;
				CLANG_WARN__DUPLICATE_METHOD_MATCH = YES;
				"CODE_SIGN_IDENTITY[sdk=iphoneos*]" = "iPhone Developer";
				COPY_PHASE_STRIP = NO;
				DEBUG_INFORMATION_FORMAT = "dwarf-with-dsym";
				ENABLE_NS_ASSERTIONS = NO;
				ENABLE_STRICT_OBJC_MSGSEND = YES;
				GCC_C_LANGUAGE_STANDARD = gnu99;
				GCC_NO_COMMON_BLOCKS = YES;
				GCC_WARN_64_TO_32_BIT_CONVERSION = YES;
				GCC_WARN_ABOUT_RETURN_TYPE = YES_ERROR;
				GCC_WARN_UNDECLARED_SELECTOR = YES;
				GCC_WARN_UNINITIALIZED_AUTOS = YES_AGGRESSIVE;
				GCC_WARN_UNUSED_FUNCTION = YES;
				GCC_WARN_UNUSED_VARIABLE = YES;
				IPHONEOS_DEPLOYMENT_TARGET = 10.3;
				MTL_ENABLE_DEBUG_INFO = NO;
				SDKROOT = iphoneos;
				VALIDATE_PRODUCT = YES;
			};
			name = Release;
		};
		D613BE2F1F6193110090316D /* Debug */ = {
			isa = XCBuildConfiguration;
			baseConfigurationReference = E18D2825A90F3277B4BBB90B /* Pods-HYSmartPlus.debug.xcconfig */;
			buildSettings = {
				ASSETCATALOG_COMPILER_APPICON_NAME = AppIcon;
				DEVELOPMENT_TEAM = 8Y6S2469TB;
				GCC_PREFIX_HEADER = "$(SRCROOT)/HYSmartPlus/HYSmartPlus.pch";
				INFOPLIST_FILE = HYSmartPlus/Info.plist;
				LD_RUNPATH_SEARCH_PATHS = "$(inherited) @executable_path/Frameworks";
				PRODUCT_BUNDLE_IDENTIFIER = com.hongyan.HYSmartPlus;
				PRODUCT_NAME = "$(TARGET_NAME)";
			};
			name = Debug;
		};
		D613BE301F6193110090316D /* Release */ = {
			isa = XCBuildConfiguration;
			baseConfigurationReference = 3D651C6E73B5442BE15A02C2 /* Pods-HYSmartPlus.release.xcconfig */;
			buildSettings = {
				ASSETCATALOG_COMPILER_APPICON_NAME = AppIcon;
				DEVELOPMENT_TEAM = 8Y6S2469TB;
				GCC_PREFIX_HEADER = "$(SRCROOT)/HYSmartPlus/HYSmartPlus.pch";
				INFOPLIST_FILE = HYSmartPlus/Info.plist;
				LD_RUNPATH_SEARCH_PATHS = "$(inherited) @executable_path/Frameworks";
				PRODUCT_BUNDLE_IDENTIFIER = com.hongyan.HYSmartPlus;
				PRODUCT_NAME = "$(TARGET_NAME)";
			};
			name = Release;
		};
/* End XCBuildConfiguration section */

/* Begin XCConfigurationList section */
		D613BE121F6193110090316D /* Build configuration list for PBXProject "HYSmartPlus" */ = {
			isa = XCConfigurationList;
			buildConfigurations = (
				D613BE2C1F6193110090316D /* Debug */,
				D613BE2D1F6193110090316D /* Release */,
			);
			defaultConfigurationIsVisible = 0;
			defaultConfigurationName = Release;
		};
		D613BE2E1F6193110090316D /* Build configuration list for PBXNativeTarget "HYSmartPlus" */ = {
			isa = XCConfigurationList;
			buildConfigurations = (
				D613BE2F1F6193110090316D /* Debug */,
				D613BE301F6193110090316D /* Release */,
			);
			defaultConfigurationIsVisible = 0;
			defaultConfigurationName = Release;
		};
/* End XCConfigurationList section */
	};
	rootObject = D613BE0F1F6193110090316D /* Project object */;
}
